
Microsoft Visual Studio Solution File, Format Version 12.00
# Visual Studio Version 17
VisualStudioVersion = 17.6.33815.320
MinimumVisualStudioVersion = 10.0.40219.1
Project("{9A19103F-16F7-4668-BE54-9A1E7A4F7556}") = "Implement_Project", "Implement_Project\Implement_Project.csproj", "{3A86764B-9158-4CA9-8E53-D882FD2DB36B}"
EndProject
Project("{FAE04EC0-301F-11D3-BF4B-00C04F79EFBC}") = "RazarPage_Projects", "RazarPage_Projects\RazarPage_Projects.csproj", "{042291B0-ACB6-489A-9FE7-CF4FD93793A3}"
EndProject
Global
	GlobalSection(SolutionConfigurationPlatforms) = preSolution
		Debug|Any CPU = Debug|Any CPU
		Release|Any CPU = Release|Any CPU
	EndGlobalSection
	GlobalSection(ProjectConfigurationPlatforms) = postSolution
		{3A86764B-9158-4CA9-8E53-D882FD2DB36B}.Debug|Any CPU.ActiveCfg = Debug|Any CPU
		{3A86764B-9158-4CA9-8E53-D882FD2DB36B}.Debug|Any CPU.Build.0 = Debug|Any CPU
		{3A86764B-9158-4CA9-8E53-D882FD2DB36B}.Release|Any CPU.ActiveCfg = Release|Any CPU
		{3A86764B-9158-4CA9-8E53-D882FD2DB36B}.Release|Any CPU.Build.0 = Release|Any CPU
		{042291B0-ACB6-489A-9FE7-CF4FD93793A3}.Debug|Any CPU.ActiveCfg = Debug|Any CPU
		{042291B0-ACB6-489A-9FE7-CF4FD93793A3}.Debug|Any CPU.Build.0 = Debug|Any CPU
		{042291B0-ACB6-489A-9FE7-CF4FD93793A3}.Release|Any CPU.ActiveCfg = Release|Any CPU
		{042291B0-ACB6-489A-9FE7-CF4FD93793A3}.Release|Any CPU.Build.0 = Release|Any CPU
	EndGlobalSection
	GlobalSection(SolutionProperties) = preSolution
		HideSolutionNode = FALSE
	EndGlobalSection
	GlobalSection(ExtensibilityGlobals) = postSolution
		SolutionGuid = {2C009EE8-D20C-46AC-BB17-A2A5A39403F7}
	EndGlobalSection
EndGlobal
